
Microsoft Visual Studio Solution File, Format Version 10.00
# Visual Studio 2008
Project("{FAE04EC0-301F-11D3-BF4B-00C04F79EFBC}") = "ReoScript", "ReoScript\ReoScript.csproj", "{544005E7-F55A-42E2-8DDB-B43F95F27C69}"
EndProject
Project("{FAE04EC0-301F-11D3-BF4B-00C04F79EFBC}") = "ReoScriptEditor", "ReoScriptEditor\ReoScriptEditor.csproj", "{0802DFE2-D172-4099-8538-DC2C114152D1}"
EndProject
Project("{FAE04EC0-301F-11D3-BF4B-00C04F79EFBC}") = "TestCase", "TestCase\TestCase.csproj", "{561F035D-EFC9-4F28-99AD-1F363438E89C}"
EndProject
Project("{FAE04EC0-301F-11D3-BF4B-00C04F79EFBC}") = "XBlend", "XBlend\XBlend.csproj", "{B264DE50-49EC-42AB-B93F-B8B01A2DD160}"
EndProject
Global
	GlobalSection(SolutionConfigurationPlatforms) = preSolution
		Debug|Any CPU = Debug|Any CPU
		Release|Any CPU = Release|Any CPU
	EndGlobalSection
	GlobalSection(ProjectConfigurationPlatforms) = postSolution
		{544005E7-F55A-42E2-8DDB-B43F95F27C69}.Debug|Any CPU.ActiveCfg = Debug|Any CPU
		{544005E7-F55A-42E2-8DDB-B43F95F27C69}.Debug|Any CPU.Build.0 = Debug|Any CPU
		{544005E7-F55A-42E2-8DDB-B43F95F27C69}.Release|Any CPU.ActiveCfg = Release|Any CPU
		{544005E7-F55A-42E2-8DDB-B43F95F27C69}.Release|Any CPU.Build.0 = Release|Any CPU
		{0802DFE2-D172-4099-8538-DC2C114152D1}.Debug|Any CPU.ActiveCfg = Debug|Any CPU
		{0802DFE2-D172-4099-8538-DC2C114152D1}.Debug|Any CPU.Build.0 = Debug|Any CPU
		{0802DFE2-D172-4099-8538-DC2C114152D1}.Release|Any CPU.ActiveCfg = Release|Any CPU
		{0802DFE2-D172-4099-8538-DC2C114152D1}.Release|Any CPU.Build.0 = Release|Any CPU
		{561F035D-EFC9-4F28-99AD-1F363438E89C}.Debug|Any CPU.ActiveCfg = Debug|Any CPU
		{561F035D-EFC9-4F28-99AD-1F363438E89C}.Debug|Any CPU.Build.0 = Debug|Any CPU
		{561F035D-EFC9-4F28-99AD-1F363438E89C}.Release|Any CPU.ActiveCfg = Release|Any CPU
		{561F035D-EFC9-4F28-99AD-1F363438E89C}.Release|Any CPU.Build.0 = Release|Any CPU
		{B264DE50-49EC-42AB-B93F-B8B01A2DD160}.Debug|Any CPU.ActiveCfg = Debug|Any CPU
		{B264DE50-49EC-42AB-B93F-B8B01A2DD160}.Debug|Any CPU.Build.0 = Debug|Any CPU
		{B264DE50-49EC-42AB-B93F-B8B01A2DD160}.Release|Any CPU.ActiveCfg = Release|Any CPU
		{B264DE50-49EC-42AB-B93F-B8B01A2DD160}.Release|Any CPU.Build.0 = Release|Any CPU
	EndGlobalSection
	GlobalSection(SolutionProperties) = preSolution
		HideSolutionNode = FALSE
	EndGlobalSection
EndGlobal
