
Microsoft Visual Studio Solution File, Format Version 12.00
# Visual Studio Version 16
VisualStudioVersion = 16.0.29503.13
MinimumVisualStudioVersion = 10.0.40219.1
Project("{2150E333-8FDC-42A3-9474-1A3956D46DE8}") = "Solution Items", "Solution Items", "{B31E531C-7554-4897-AF6E-9A59D03ED1A0}"
	ProjectSection(SolutionItems) = preProject
		ReoScriptEditor\ANTLR 3 License.txt = ReoScriptEditor\ANTLR 3 License.txt
		ChangeLog.txt = ChangeLog.txt
		ReoScriptEditor\FastColoredTextBox License.txt = ReoScriptEditor\FastColoredTextBox License.txt
		..\README.md = ..\README.md
	EndProjectSection
EndProject
Project("{FAE04EC0-301F-11D3-BF4B-00C04F79EFBC}") = "ReoScript", "ReoScript\ReoScript.csproj", "{544005E7-F55A-42E2-8DDB-B43F95F27C69}"
EndProject
Project("{FAE04EC0-301F-11D3-BF4B-00C04F79EFBC}") = "ReoScriptEditor", "ReoScriptEditor\ReoScriptEditor.csproj", "{0802DFE2-D172-4099-8538-DC2C114152D1}"
EndProject
Project("{FAE04EC0-301F-11D3-BF4B-00C04F79EFBC}") = "TestCase", "TestCase\TestCase.csproj", "{561F035D-EFC9-4F28-99AD-1F363438E89C}"
EndProject
Project("{FAE04EC0-301F-11D3-BF4B-00C04F79EFBC}") = "ReoScriptRunner", "ReoScriptRunner\ReoScriptRunner.csproj", "{7DE6506B-AB2D-477D-A075-44AAC1742D6C}"
EndProject
Project("{FAE04EC0-301F-11D3-BF4B-00C04F79EFBC}") = "ReoScriptExtensions", "ReoScriptExtensions\ReoScriptExtensions.csproj", "{960D814F-1CD6-41A7-8D37-B8F73B92C05A}"
EndProject
Global
	GlobalSection(SolutionConfigurationPlatforms) = preSolution
		Debug|Any CPU = Debug|Any CPU
		Debug|Mixed Platforms = Debug|Mixed Platforms
		Debug|Win32 = Debug|Win32
		Release|Any CPU = Release|Any CPU
		Release|Mixed Platforms = Release|Mixed Platforms
		Release|Win32 = Release|Win32
	EndGlobalSection
	GlobalSection(ProjectConfigurationPlatforms) = postSolution
		{544005E7-F55A-42E2-8DDB-B43F95F27C69}.Debug|Any CPU.ActiveCfg = Debug|Any CPU
		{544005E7-F55A-42E2-8DDB-B43F95F27C69}.Debug|Any CPU.Build.0 = Debug|Any CPU
		{544005E7-F55A-42E2-8DDB-B43F95F27C69}.Debug|Mixed Platforms.ActiveCfg = Debug|Any CPU
		{544005E7-F55A-42E2-8DDB-B43F95F27C69}.Debug|Mixed Platforms.Build.0 = Debug|Any CPU
		{544005E7-F55A-42E2-8DDB-B43F95F27C69}.Debug|Win32.ActiveCfg = Debug|Any CPU
		{544005E7-F55A-42E2-8DDB-B43F95F27C69}.Release|Any CPU.ActiveCfg = Release|Any CPU
		{544005E7-F55A-42E2-8DDB-B43F95F27C69}.Release|Any CPU.Build.0 = Release|Any CPU
		{544005E7-F55A-42E2-8DDB-B43F95F27C69}.Release|Mixed Platforms.ActiveCfg = Release|Any CPU
		{544005E7-F55A-42E2-8DDB-B43F95F27C69}.Release|Mixed Platforms.Build.0 = Release|Any CPU
		{544005E7-F55A-42E2-8DDB-B43F95F27C69}.Release|Win32.ActiveCfg = Release|Any CPU
		{0802DFE2-D172-4099-8538-DC2C114152D1}.Debug|Any CPU.ActiveCfg = Debug|Any CPU
		{0802DFE2-D172-4099-8538-DC2C114152D1}.Debug|Any CPU.Build.0 = Debug|Any CPU
		{0802DFE2-D172-4099-8538-DC2C114152D1}.Debug|Mixed Platforms.ActiveCfg = Debug|Any CPU
		{0802DFE2-D172-4099-8538-DC2C114152D1}.Debug|Mixed Platforms.Build.0 = Debug|Any CPU
		{0802DFE2-D172-4099-8538-DC2C114152D1}.Debug|Win32.ActiveCfg = Debug|Any CPU
		{0802DFE2-D172-4099-8538-DC2C114152D1}.Release|Any CPU.ActiveCfg = Release|Any CPU
		{0802DFE2-D172-4099-8538-DC2C114152D1}.Release|Any CPU.Build.0 = Release|Any CPU
		{0802DFE2-D172-4099-8538-DC2C114152D1}.Release|Mixed Platforms.ActiveCfg = Release|Any CPU
		{0802DFE2-D172-4099-8538-DC2C114152D1}.Release|Mixed Platforms.Build.0 = Release|Any CPU
		{0802DFE2-D172-4099-8538-DC2C114152D1}.Release|Win32.ActiveCfg = Release|Any CPU
		{561F035D-EFC9-4F28-99AD-1F363438E89C}.Debug|Any CPU.ActiveCfg = Debug|Any CPU
		{561F035D-EFC9-4F28-99AD-1F363438E89C}.Debug|Any CPU.Build.0 = Debug|Any CPU
		{561F035D-EFC9-4F28-99AD-1F363438E89C}.Debug|Mixed Platforms.ActiveCfg = Debug|Any CPU
		{561F035D-EFC9-4F28-99AD-1F363438E89C}.Debug|Mixed Platforms.Build.0 = Debug|Any CPU
		{561F035D-EFC9-4F28-99AD-1F363438E89C}.Debug|Win32.ActiveCfg = Debug|Any CPU
		{561F035D-EFC9-4F28-99AD-1F363438E89C}.Release|Any CPU.ActiveCfg = Release|Any CPU
		{561F035D-EFC9-4F28-99AD-1F363438E89C}.Release|Any CPU.Build.0 = Release|Any CPU
		{561F035D-EFC9-4F28-99AD-1F363438E89C}.Release|Mixed Platforms.ActiveCfg = Release|Any CPU
		{561F035D-EFC9-4F28-99AD-1F363438E89C}.Release|Mixed Platforms.Build.0 = Release|Any CPU
		{561F035D-EFC9-4F28-99AD-1F363438E89C}.Release|Win32.ActiveCfg = Release|Any CPU
		{7DE6506B-AB2D-477D-A075-44AAC1742D6C}.Debug|Any CPU.ActiveCfg = Debug|Any CPU
		{7DE6506B-AB2D-477D-A075-44AAC1742D6C}.Debug|Any CPU.Build.0 = Debug|Any CPU
		{7DE6506B-AB2D-477D-A075-44AAC1742D6C}.Debug|Mixed Platforms.ActiveCfg = Debug|Any CPU
		{7DE6506B-AB2D-477D-A075-44AAC1742D6C}.Debug|Mixed Platforms.Build.0 = Debug|Any CPU
		{7DE6506B-AB2D-477D-A075-44AAC1742D6C}.Debug|Win32.ActiveCfg = Debug|Any CPU
		{7DE6506B-AB2D-477D-A075-44AAC1742D6C}.Release|Any CPU.ActiveCfg = Release|Any CPU
		{7DE6506B-AB2D-477D-A075-44AAC1742D6C}.Release|Any CPU.Build.0 = Release|Any CPU
		{7DE6506B-AB2D-477D-A075-44AAC1742D6C}.Release|Mixed Platforms.ActiveCfg = Release|Any CPU
		{7DE6506B-AB2D-477D-A075-44AAC1742D6C}.Release|Mixed Platforms.Build.0 = Release|Any CPU
		{7DE6506B-AB2D-477D-A075-44AAC1742D6C}.Release|Win32.ActiveCfg = Release|Any CPU
		{960D814F-1CD6-41A7-8D37-B8F73B92C05A}.Debug|Any CPU.ActiveCfg = Debug|Any CPU
		{960D814F-1CD6-41A7-8D37-B8F73B92C05A}.Debug|Any CPU.Build.0 = Debug|Any CPU
		{960D814F-1CD6-41A7-8D37-B8F73B92C05A}.Debug|Mixed Platforms.ActiveCfg = Debug|Any CPU
		{960D814F-1CD6-41A7-8D37-B8F73B92C05A}.Debug|Mixed Platforms.Build.0 = Debug|Any CPU
		{960D814F-1CD6-41A7-8D37-B8F73B92C05A}.Debug|Win32.ActiveCfg = Debug|Any CPU
		{960D814F-1CD6-41A7-8D37-B8F73B92C05A}.Release|Any CPU.ActiveCfg = Release|Any CPU
		{960D814F-1CD6-41A7-8D37-B8F73B92C05A}.Release|Any CPU.Build.0 = Release|Any CPU
		{960D814F-1CD6-41A7-8D37-B8F73B92C05A}.Release|Mixed Platforms.ActiveCfg = Release|Any CPU
		{960D814F-1CD6-41A7-8D37-B8F73B92C05A}.Release|Mixed Platforms.Build.0 = Release|Any CPU
		{960D814F-1CD6-41A7-8D37-B8F73B92C05A}.Release|Win32.ActiveCfg = Release|Any CPU
	EndGlobalSection
	GlobalSection(SolutionProperties) = preSolution
		HideSolutionNode = FALSE
	EndGlobalSection
	GlobalSection(ExtensibilityGlobals) = postSolution
		SolutionGuid = {E17FF8F2-3AA7-4C26-9212-7317B143930F}
	EndGlobalSection
EndGlobal
